
Microsoft Visual Studio Solution File, Format Version 12.00
# Visual Studio Version 16
VisualStudioVersion = 16.0.31129.286
MinimumVisualStudioVersion = 10.0.40219.1
Project("{D954291E-2A0B-460D-934E-DC6B0785DB48}") = "TimetableApp.Shared", "TimetableApp\TimetableApp.Shared\TimetableApp.Shared.shproj", "{6279C845-92F8-4333-AB99-3D213163593C}"
EndProject
Project("{2150E333-8FDC-42A3-9474-1A3956D46DE8}") = "Platforms", "Platforms", "{FCD82277-83C6-4BAB-8094-AFE98B8FDAEE}"
EndProject
Project("{FAE04EC0-301F-11D3-BF4B-00C04F79EFBC}") = "TimetableApp.Droid", "TimetableApp\TimetableApp.Droid\TimetableApp.Droid.csproj", "{13189183-D636-41D2-9D63-8DBE5BD5EB35}"
EndProject
Project("{FAE04EC0-301F-11D3-BF4B-00C04F79EFBC}") = "TimetableApp.iOS", "TimetableApp\TimetableApp.iOS\TimetableApp.iOS.csproj", "{E600C9B2-B71D-4BF1-A7FC-64C9220A4B48}"
EndProject
Project("{9A19103F-16F7-4668-BE54-9A1E7A4F7556}") = "TimetableApp.Wasm", "TimetableApp\TimetableApp.Wasm\TimetableApp.Wasm.csproj", "{BCD4629F-8FB5-42CB-A865-0C5C188AC3B2}"
EndProject
Project("{FAE04EC0-301F-11D3-BF4B-00C04F79EFBC}") = "TimetableApp.macOS", "TimetableApp\TimetableApp.macOS\TimetableApp.macOS.csproj", "{643DC49E-6ADB-4298-9F31-6B694F7A368C}"
EndProject
Project("{9A19103F-16F7-4668-BE54-9A1E7A4F7556}") = "TimetableApp.Skia.Gtk", "TimetableApp\TimetableApp.Skia.Gtk\TimetableApp.Skia.Gtk.csproj", "{1FFAAE5C-F414-4DA4-BB6F-A5F19EB792A2}"
EndProject
Project("{9A19103F-16F7-4668-BE54-9A1E7A4F7556}") = "TimetableApp.Skia.Tizen", "TimetableApp\TimetableApp.Skia.Tizen\TimetableApp.Skia.Tizen.csproj", "{B14F6892-929C-447A-9147-BDE5F80264FB}"
EndProject
Global
	GlobalSection(SharedMSBuildProjectFiles) = preSolution
		TimetableApp\TimetableApp.Shared\TimetableApp.Shared.projitems*{13189183-d636-41d2-9d63-8dbe5bd5eb35}*SharedItemsImports = 4
		TimetableApp\TimetableApp.Shared\TimetableApp.Shared.projitems*{1ffaae5c-f414-4da4-bb6f-a5f19eb792a2}*SharedItemsImports = 5
		TimetableApp\TimetableApp.Shared\TimetableApp.Shared.projitems*{6279c845-92f8-4333-ab99-3d213163593c}*SharedItemsImports = 13
		TimetableApp\TimetableApp.Shared\TimetableApp.Shared.projitems*{643dc49e-6adb-4298-9f31-6b694f7a368c}*SharedItemsImports = 4
		TimetableApp\TimetableApp.Shared\TimetableApp.Shared.projitems*{b14f6892-929c-447a-9147-bde5f80264fb}*SharedItemsImports = 5
		TimetableApp\TimetableApp.Shared\TimetableApp.Shared.projitems*{bcd4629f-8fb5-42cb-a865-0c5c188ac3b2}*SharedItemsImports = 5
		TimetableApp\TimetableApp.Shared\TimetableApp.Shared.projitems*{e600c9b2-b71d-4bf1-a7fc-64c9220a4b48}*SharedItemsImports = 4
	EndGlobalSection
	GlobalSection(SolutionConfigurationPlatforms) = preSolution
		Ad-Hoc|Any CPU = Ad-Hoc|Any CPU
		Ad-Hoc|ARM = Ad-Hoc|ARM
		Ad-Hoc|ARM64 = Ad-Hoc|ARM64
		Ad-Hoc|iPhone = Ad-Hoc|iPhone
		Ad-Hoc|iPhoneSimulator = Ad-Hoc|iPhoneSimulator
		Ad-Hoc|x64 = Ad-Hoc|x64
		Ad-Hoc|x86 = Ad-Hoc|x86
		AppStore|Any CPU = AppStore|Any CPU
		AppStore|ARM = AppStore|ARM
		AppStore|ARM64 = AppStore|ARM64
		AppStore|iPhone = AppStore|iPhone
		AppStore|iPhoneSimulator = AppStore|iPhoneSimulator
		AppStore|x64 = AppStore|x64
		AppStore|x86 = AppStore|x86
		Debug|Any CPU = Debug|Any CPU
		Debug|ARM = Debug|ARM
		Debug|ARM64 = Debug|ARM64
		Debug|iPhone = Debug|iPhone
		Debug|iPhoneSimulator = Debug|iPhoneSimulator
		Debug|x64 = Debug|x64
		Debug|x86 = Debug|x86
		Release|Any CPU = Release|Any CPU
		Release|ARM = Release|ARM
		Release|ARM64 = Release|ARM64
		Release|iPhone = Release|iPhone
		Release|iPhoneSimulator = Release|iPhoneSimulator
		Release|x64 = Release|x64
		Release|x86 = Release|x86
	EndGlobalSection
	GlobalSection(ProjectConfigurationPlatforms) = postSolution
		{13189183-D636-41D2-9D63-8DBE5BD5EB35}.Ad-Hoc|Any CPU.ActiveCfg = Debug|Any CPU
		{13189183-D636-41D2-9D63-8DBE5BD5EB35}.Ad-Hoc|Any CPU.Build.0 = Debug|Any CPU
		{13189183-D636-41D2-9D63-8DBE5BD5EB35}.Ad-Hoc|Any CPU.Deploy.0 = Debug|Any CPU
		{13189183-D636-41D2-9D63-8DBE5BD5EB35}.Ad-Hoc|ARM.ActiveCfg = Debug|Any CPU
		{13189183-D636-41D2-9D63-8DBE5BD5EB35}.Ad-Hoc|ARM.Build.0 = Debug|Any CPU
		{13189183-D636-41D2-9D63-8DBE5BD5EB35}.Ad-Hoc|ARM.Deploy.0 = Debug|Any CPU
		{13189183-D636-41D2-9D63-8DBE5BD5EB35}.Ad-Hoc|ARM64.ActiveCfg = Debug|Any CPU
		{13189183-D636-41D2-9D63-8DBE5BD5EB35}.Ad-Hoc|ARM64.Build.0 = Debug|Any CPU
		{13189183-D636-41D2-9D63-8DBE5BD5EB35}.Ad-Hoc|ARM64.Deploy.0 = Debug|Any CPU
		{13189183-D636-41D2-9D63-8DBE5BD5EB35}.Ad-Hoc|iPhone.ActiveCfg = Debug|Any CPU
		{13189183-D636-41D2-9D63-8DBE5BD5EB35}.Ad-Hoc|iPhone.Build.0 = Debug|Any CPU
		{13189183-D636-41D2-9D63-8DBE5BD5EB35}.Ad-Hoc|iPhone.Deploy.0 = Debug|Any CPU
		{13189183-D636-41D2-9D63-8DBE5BD5EB35}.Ad-Hoc|iPhoneSimulator.ActiveCfg = Debug|Any CPU
		{13189183-D636-41D2-9D63-8DBE5BD5EB35}.Ad-Hoc|iPhoneSimulator.Build.0 = Debug|Any CPU
		{13189183-D636-41D2-9D63-8DBE5BD5EB35}.Ad-Hoc|iPhoneSimulator.Deploy.0 = Debug|Any CPU
		{13189183-D636-41D2-9D63-8DBE5BD5EB35}.Ad-Hoc|x64.ActiveCfg = Debug|Any CPU
		{13189183-D636-41D2-9D63-8DBE5BD5EB35}.Ad-Hoc|x64.Build.0 = Debug|Any CPU
		{13189183-D636-41D2-9D63-8DBE5BD5EB35}.Ad-Hoc|x64.Deploy.0 = Debug|Any CPU
		{13189183-D636-41D2-9D63-8DBE5BD5EB35}.Ad-Hoc|x86.ActiveCfg = Debug|Any CPU
		{13189183-D636-41D2-9D63-8DBE5BD5EB35}.Ad-Hoc|x86.Build.0 = Debug|Any CPU
		{13189183-D636-41D2-9D63-8DBE5BD5EB35}.Ad-Hoc|x86.Deploy.0 = Debug|Any CPU
		{13189183-D636-41D2-9D63-8DBE5BD5EB35}.AppStore|Any CPU.ActiveCfg = Debug|Any CPU
		{13189183-D636-41D2-9D63-8DBE5BD5EB35}.AppStore|Any CPU.Build.0 = Debug|Any CPU
		{13189183-D636-41D2-9D63-8DBE5BD5EB35}.AppStore|Any CPU.Deploy.0 = Debug|Any CPU
		{13189183-D636-41D2-9D63-8DBE5BD5EB35}.AppStore|ARM.ActiveCfg = Debug|Any CPU
		{13189183-D636-41D2-9D63-8DBE5BD5EB35}.AppStore|ARM.Build.0 = Debug|Any CPU
		{13189183-D636-41D2-9D63-8DBE5BD5EB35}.AppStore|ARM.Deploy.0 = Debug|Any CPU
		{13189183-D636-41D2-9D63-8DBE5BD5EB35}.AppStore|ARM64.ActiveCfg = Debug|Any CPU
		{13189183-D636-41D2-9D63-8DBE5BD5EB35}.AppStore|ARM64.Build.0 = Debug|Any CPU
		{13189183-D636-41D2-9D63-8DBE5BD5EB35}.AppStore|ARM64.Deploy.0 = Debug|Any CPU
		{13189183-D636-41D2-9D63-8DBE5BD5EB35}.AppStore|iPhone.ActiveCfg = Debug|Any CPU
		{13189183-D636-41D2-9D63-8DBE5BD5EB35}.AppStore|iPhone.Build.0 = Debug|Any CPU
		{13189183-D636-41D2-9D63-8DBE5BD5EB35}.AppStore|iPhone.Deploy.0 = Debug|Any CPU
		{13189183-D636-41D2-9D63-8DBE5BD5EB35}.AppStore|iPhoneSimulator.ActiveCfg = Debug|Any CPU
		{13189183-D636-41D2-9D63-8DBE5BD5EB35}.AppStore|iPhoneSimulator.Build.0 = Debug|Any CPU
		{13189183-D636-41D2-9D63-8DBE5BD5EB35}.AppStore|iPhoneSimulator.Deploy.0 = Debug|Any CPU
		{13189183-D636-41D2-9D63-8DBE5BD5EB35}.AppStore|x64.ActiveCfg = Debug|Any CPU
		{13189183-D636-41D2-9D63-8DBE5BD5EB35}.AppStore|x64.Build.0 = Debug|Any CPU
		{13189183-D636-41D2-9D63-8DBE5BD5EB35}.AppStore|x64.Deploy.0 = Debug|Any CPU
		{13189183-D636-41D2-9D63-8DBE5BD5EB35}.AppStore|x86.ActiveCfg = Debug|Any CPU
		{13189183-D636-41D2-9D63-8DBE5BD5EB35}.AppStore|x86.Build.0 = Debug|Any CPU
		{13189183-D636-41D2-9D63-8DBE5BD5EB35}.AppStore|x86.Deploy.0 = Debug|Any CPU
		{13189183-D636-41D2-9D63-8DBE5BD5EB35}.Debug|Any CPU.ActiveCfg = Debug|Any CPU
		{13189183-D636-41D2-9D63-8DBE5BD5EB35}.Debug|Any CPU.Build.0 = Debug|Any CPU
		{13189183-D636-41D2-9D63-8DBE5BD5EB35}.Debug|Any CPU.Deploy.0 = Debug|Any CPU
		{13189183-D636-41D2-9D63-8DBE5BD5EB35}.Debug|ARM.ActiveCfg = Debug|Any CPU
		{13189183-D636-41D2-9D63-8DBE5BD5EB35}.Debug|ARM.Build.0 = Debug|Any CPU
		{13189183-D636-41D2-9D63-8DBE5BD5EB35}.Debug|ARM.Deploy.0 = Debug|Any CPU
		{13189183-D636-41D2-9D63-8DBE5BD5EB35}.Debug|ARM64.ActiveCfg = Debug|Any CPU
		{13189183-D636-41D2-9D63-8DBE5BD5EB35}.Debug|ARM64.Build.0 = Debug|Any CPU
		{13189183-D636-41D2-9D63-8DBE5BD5EB35}.Debug|ARM64.Deploy.0 = Debug|Any CPU
		{13189183-D636-41D2-9D63-8DBE5BD5EB35}.Debug|iPhone.ActiveCfg = Debug|Any CPU
		{13189183-D636-41D2-9D63-8DBE5BD5EB35}.Debug|iPhone.Build.0 = Debug|Any CPU
		{13189183-D636-41D2-9D63-8DBE5BD5EB35}.Debug|iPhone.Deploy.0 = Debug|Any CPU
		{13189183-D636-41D2-9D63-8DBE5BD5EB35}.Debug|iPhoneSimulator.ActiveCfg = Debug|Any CPU
		{13189183-D636-41D2-9D63-8DBE5BD5EB35}.Debug|iPhoneSimulator.Build.0 = Debug|Any CPU
		{13189183-D636-41D2-9D63-8DBE5BD5EB35}.Debug|iPhoneSimulator.Deploy.0 = Debug|Any CPU
		{13189183-D636-41D2-9D63-8DBE5BD5EB35}.Debug|x64.ActiveCfg = Debug|Any CPU
		{13189183-D636-41D2-9D63-8DBE5BD5EB35}.Debug|x64.Build.0 = Debug|Any CPU
		{13189183-D636-41D2-9D63-8DBE5BD5EB35}.Debug|x64.Deploy.0 = Debug|Any CPU
		{13189183-D636-41D2-9D63-8DBE5BD5EB35}.Debug|x86.ActiveCfg = Debug|Any CPU
		{13189183-D636-41D2-9D63-8DBE5BD5EB35}.Debug|x86.Build.0 = Debug|Any CPU
		{13189183-D636-41D2-9D63-8DBE5BD5EB35}.Debug|x86.Deploy.0 = Debug|Any CPU
		{13189183-D636-41D2-9D63-8DBE5BD5EB35}.Release|Any CPU.ActiveCfg = Release|Any CPU
		{13189183-D636-41D2-9D63-8DBE5BD5EB35}.Release|Any CPU.Build.0 = Release|Any CPU
		{13189183-D636-41D2-9D63-8DBE5BD5EB35}.Release|Any CPU.Deploy.0 = Release|Any CPU
		{13189183-D636-41D2-9D63-8DBE5BD5EB35}.Release|ARM.ActiveCfg = Release|Any CPU
		{13189183-D636-41D2-9D63-8DBE5BD5EB35}.Release|ARM.Build.0 = Release|Any CPU
		{13189183-D636-41D2-9D63-8DBE5BD5EB35}.Release|ARM.Deploy.0 = Release|Any CPU
		{13189183-D636-41D2-9D63-8DBE5BD5EB35}.Release|ARM64.ActiveCfg = Release|Any CPU
		{13189183-D636-41D2-9D63-8DBE5BD5EB35}.Release|ARM64.Build.0 = Release|Any CPU
		{13189183-D636-41D2-9D63-8DBE5BD5EB35}.Release|ARM64.Deploy.0 = Release|Any CPU
		{13189183-D636-41D2-9D63-8DBE5BD5EB35}.Release|iPhone.ActiveCfg = Release|Any CPU
		{13189183-D636-41D2-9D63-8DBE5BD5EB35}.Release|iPhone.Build.0 = Release|Any CPU
		{13189183-D636-41D2-9D63-8DBE5BD5EB35}.Release|iPhone.Deploy.0 = Release|Any CPU
		{13189183-D636-41D2-9D63-8DBE5BD5EB35}.Release|iPhoneSimulator.ActiveCfg = Release|Any CPU
		{13189183-D636-41D2-9D63-8DBE5BD5EB35}.Release|iPhoneSimulator.Build.0 = Release|Any CPU
		{13189183-D636-41D2-9D63-8DBE5BD5EB35}.Release|iPhoneSimulator.Deploy.0 = Release|Any CPU
		{13189183-D636-41D2-9D63-8DBE5BD5EB35}.Release|x64.ActiveCfg = Release|Any CPU
		{13189183-D636-41D2-9D63-8DBE5BD5EB35}.Release|x64.Build.0 = Release|Any CPU
		{13189183-D636-41D2-9D63-8DBE5BD5EB35}.Release|x64.Deploy.0 = Release|Any CPU
		{13189183-D636-41D2-9D63-8DBE5BD5EB35}.Release|x86.ActiveCfg = Release|Any CPU
		{13189183-D636-41D2-9D63-8DBE5BD5EB35}.Release|x86.Build.0 = Release|Any CPU
		{13189183-D636-41D2-9D63-8DBE5BD5EB35}.Release|x86.Deploy.0 = Release|Any CPU
		{E600C9B2-B71D-4BF1-A7FC-64C9220A4B48}.Ad-Hoc|Any CPU.ActiveCfg = Ad-Hoc|iPhoneSimulator
		{E600C9B2-B71D-4BF1-A7FC-64C9220A4B48}.Ad-Hoc|ARM.ActiveCfg = Ad-Hoc|iPhoneSimulator
		{E600C9B2-B71D-4BF1-A7FC-64C9220A4B48}.Ad-Hoc|ARM64.ActiveCfg = Ad-Hoc|iPhoneSimulator
		{E600C9B2-B71D-4BF1-A7FC-64C9220A4B48}.Ad-Hoc|iPhone.ActiveCfg = Ad-Hoc|iPhone
		{E600C9B2-B71D-4BF1-A7FC-64C9220A4B48}.Ad-Hoc|iPhone.Build.0 = Ad-Hoc|iPhone
		{E600C9B2-B71D-4BF1-A7FC-64C9220A4B48}.Ad-Hoc|iPhoneSimulator.ActiveCfg = Ad-Hoc|iPhoneSimulator
		{E600C9B2-B71D-4BF1-A7FC-64C9220A4B48}.Ad-Hoc|iPhoneSimulator.Build.0 = Ad-Hoc|iPhoneSimulator
		{E600C9B2-B71D-4BF1-A7FC-64C9220A4B48}.Ad-Hoc|x64.ActiveCfg = Ad-Hoc|iPhoneSimulator
		{E600C9B2-B71D-4BF1-A7FC-64C9220A4B48}.Ad-Hoc|x86.ActiveCfg = Ad-Hoc|iPhoneSimulator
		{E600C9B2-B71D-4BF1-A7FC-64C9220A4B48}.AppStore|Any CPU.ActiveCfg = AppStore|iPhoneSimulator
		{E600C9B2-B71D-4BF1-A7FC-64C9220A4B48}.AppStore|ARM.ActiveCfg = AppStore|iPhoneSimulator
		{E600C9B2-B71D-4BF1-A7FC-64C9220A4B48}.AppStore|ARM64.ActiveCfg = AppStore|iPhoneSimulator
		{E600C9B2-B71D-4BF1-A7FC-64C9220A4B48}.AppStore|iPhone.ActiveCfg = AppStore|iPhone
		{E600C9B2-B71D-4BF1-A7FC-64C9220A4B48}.AppStore|iPhone.Build.0 = AppStore|iPhone
		{E600C9B2-B71D-4BF1-A7FC-64C9220A4B48}.AppStore|iPhoneSimulator.ActiveCfg = AppStore|iPhoneSimulator
		{E600C9B2-B71D-4BF1-A7FC-64C9220A4B48}.AppStore|iPhoneSimulator.Build.0 = AppStore|iPhoneSimulator
		{E600C9B2-B71D-4BF1-A7FC-64C9220A4B48}.AppStore|x64.ActiveCfg = AppStore|iPhoneSimulator
		{E600C9B2-B71D-4BF1-A7FC-64C9220A4B48}.AppStore|x86.ActiveCfg = AppStore|iPhoneSimulator
		{E600C9B2-B71D-4BF1-A7FC-64C9220A4B48}.Debug|Any CPU.ActiveCfg = Debug|iPhoneSimulator
		{E600C9B2-B71D-4BF1-A7FC-64C9220A4B48}.Debug|ARM.ActiveCfg = Debug|iPhoneSimulator
		{E600C9B2-B71D-4BF1-A7FC-64C9220A4B48}.Debug|ARM64.ActiveCfg = Debug|iPhoneSimulator
		{E600C9B2-B71D-4BF1-A7FC-64C9220A4B48}.Debug|iPhone.ActiveCfg = Debug|iPhone
		{E600C9B2-B71D-4BF1-A7FC-64C9220A4B48}.Debug|iPhone.Build.0 = Debug|iPhone
		{E600C9B2-B71D-4BF1-A7FC-64C9220A4B48}.Debug|iPhoneSimulator.ActiveCfg = Debug|iPhoneSimulator
		{E600C9B2-B71D-4BF1-A7FC-64C9220A4B48}.Debug|iPhoneSimulator.Build.0 = Debug|iPhoneSimulator
		{E600C9B2-B71D-4BF1-A7FC-64C9220A4B48}.Debug|x64.ActiveCfg = Debug|iPhoneSimulator
		{E600C9B2-B71D-4BF1-A7FC-64C9220A4B48}.Debug|x86.ActiveCfg = Debug|iPhoneSimulator
		{E600C9B2-B71D-4BF1-A7FC-64C9220A4B48}.Release|Any CPU.ActiveCfg = Release|iPhoneSimulator
		{E600C9B2-B71D-4BF1-A7FC-64C9220A4B48}.Release|ARM.ActiveCfg = Release|iPhoneSimulator
		{E600C9B2-B71D-4BF1-A7FC-64C9220A4B48}.Release|ARM64.ActiveCfg = Release|iPhoneSimulator
		{E600C9B2-B71D-4BF1-A7FC-64C9220A4B48}.Release|iPhone.ActiveCfg = Release|iPhone
		{E600C9B2-B71D-4BF1-A7FC-64C9220A4B48}.Release|iPhone.Build.0 = Release|iPhone
		{E600C9B2-B71D-4BF1-A7FC-64C9220A4B48}.Release|iPhoneSimulator.ActiveCfg = Release|iPhoneSimulator
		{E600C9B2-B71D-4BF1-A7FC-64C9220A4B48}.Release|iPhoneSimulator.Build.0 = Release|iPhoneSimulator
		{E600C9B2-B71D-4BF1-A7FC-64C9220A4B48}.Release|x64.ActiveCfg = Release|iPhoneSimulator
		{E600C9B2-B71D-4BF1-A7FC-64C9220A4B48}.Release|x86.ActiveCfg = Release|iPhoneSimulator
		{BCD4629F-8FB5-42CB-A865-0C5C188AC3B2}.Ad-Hoc|Any CPU.ActiveCfg = Debug|Any CPU
		{BCD4629F-8FB5-42CB-A865-0C5C188AC3B2}.Ad-Hoc|Any CPU.Build.0 = Debug|Any CPU
		{BCD4629F-8FB5-42CB-A865-0C5C188AC3B2}.Ad-Hoc|ARM.ActiveCfg = Debug|Any CPU
		{BCD4629F-8FB5-42CB-A865-0C5C188AC3B2}.Ad-Hoc|ARM.Build.0 = Debug|Any CPU
		{BCD4629F-8FB5-42CB-A865-0C5C188AC3B2}.Ad-Hoc|ARM64.ActiveCfg = Debug|Any CPU
		{BCD4629F-8FB5-42CB-A865-0C5C188AC3B2}.Ad-Hoc|ARM64.Build.0 = Debug|Any CPU
		{BCD4629F-8FB5-42CB-A865-0C5C188AC3B2}.Ad-Hoc|iPhone.ActiveCfg = Debug|Any CPU
		{BCD4629F-8FB5-42CB-A865-0C5C188AC3B2}.Ad-Hoc|iPhone.Build.0 = Debug|Any CPU
		{BCD4629F-8FB5-42CB-A865-0C5C188AC3B2}.Ad-Hoc|iPhoneSimulator.ActiveCfg = Debug|Any CPU
		{BCD4629F-8FB5-42CB-A865-0C5C188AC3B2}.Ad-Hoc|iPhoneSimulator.Build.0 = Debug|Any CPU
		{BCD4629F-8FB5-42CB-A865-0C5C188AC3B2}.Ad-Hoc|x64.ActiveCfg = Debug|Any CPU
		{BCD4629F-8FB5-42CB-A865-0C5C188AC3B2}.Ad-Hoc|x64.Build.0 = Debug|Any CPU
		{BCD4629F-8FB5-42CB-A865-0C5C188AC3B2}.Ad-Hoc|x86.ActiveCfg = Debug|Any CPU
		{BCD4629F-8FB5-42CB-A865-0C5C188AC3B2}.Ad-Hoc|x86.Build.0 = Debug|Any CPU
		{BCD4629F-8FB5-42CB-A865-0C5C188AC3B2}.AppStore|Any CPU.ActiveCfg = Debug|Any CPU
		{BCD4629F-8FB5-42CB-A865-0C5C188AC3B2}.AppStore|Any CPU.Build.0 = Debug|Any CPU
		{BCD4629F-8FB5-42CB-A865-0C5C188AC3B2}.AppStore|ARM.ActiveCfg = Debug|Any CPU
		{BCD4629F-8FB5-42CB-A865-0C5C188AC3B2}.AppStore|ARM.Build.0 = Debug|Any CPU
		{BCD4629F-8FB5-42CB-A865-0C5C188AC3B2}.AppStore|ARM64.ActiveCfg = Debug|Any CPU
		{BCD4629F-8FB5-42CB-A865-0C5C188AC3B2}.AppStore|ARM64.Build.0 = Debug|Any CPU
		{BCD4629F-8FB5-42CB-A865-0C5C188AC3B2}.AppStore|iPhone.ActiveCfg = Debug|Any CPU
		{BCD4629F-8FB5-42CB-A865-0C5C188AC3B2}.AppStore|iPhone.Build.0 = Debug|Any CPU
		{BCD4629F-8FB5-42CB-A865-0C5C188AC3B2}.AppStore|iPhoneSimulator.ActiveCfg = Debug|Any CPU
		{BCD4629F-8FB5-42CB-A865-0C5C188AC3B2}.AppStore|iPhoneSimulator.Build.0 = Debug|Any CPU
		{BCD4629F-8FB5-42CB-A865-0C5C188AC3B2}.AppStore|x64.ActiveCfg = Debug|Any CPU
		{BCD4629F-8FB5-42CB-A865-0C5C188AC3B2}.AppStore|x64.Build.0 = Debug|Any CPU
		{BCD4629F-8FB5-42CB-A865-0C5C188AC3B2}.AppStore|x86.ActiveCfg = Debug|Any CPU
		{BCD4629F-8FB5-42CB-A865-0C5C188AC3B2}.AppStore|x86.Build.0 = Debug|Any CPU
		{BCD4629F-8FB5-42CB-A865-0C5C188AC3B2}.Debug|Any CPU.ActiveCfg = Debug|Any CPU
		{BCD4629F-8FB5-42CB-A865-0C5C188AC3B2}.Debug|Any CPU.Build.0 = Debug|Any CPU
		{BCD4629F-8FB5-42CB-A865-0C5C188AC3B2}.Debug|ARM.ActiveCfg = Debug|Any CPU
		{BCD4629F-8FB5-42CB-A865-0C5C188AC3B2}.Debug|ARM.Build.0 = Debug|Any CPU
		{BCD4629F-8FB5-42CB-A865-0C5C188AC3B2}.Debug|ARM64.ActiveCfg = Debug|Any CPU
		{BCD4629F-8FB5-42CB-A865-0C5C188AC3B2}.Debug|ARM64.Build.0 = Debug|Any CPU
		{BCD4629F-8FB5-42CB-A865-0C5C188AC3B2}.Debug|iPhone.ActiveCfg = Debug|Any CPU
		{BCD4629F-8FB5-42CB-A865-0C5C188AC3B2}.Debug|iPhone.Build.0 = Debug|Any CPU
		{BCD4629F-8FB5-42CB-A865-0C5C188AC3B2}.Debug|iPhoneSimulator.ActiveCfg = Debug|Any CPU
		{BCD4629F-8FB5-42CB-A865-0C5C188AC3B2}.Debug|iPhoneSimulator.Build.0 = Debug|Any CPU
		{BCD4629F-8FB5-42CB-A865-0C5C188AC3B2}.Debug|x64.ActiveCfg = Debug|Any CPU
		{BCD4629F-8FB5-42CB-A865-0C5C188AC3B2}.Debug|x64.Build.0 = Debug|Any CPU
		{BCD4629F-8FB5-42CB-A865-0C5C188AC3B2}.Debug|x86.ActiveCfg = Debug|Any CPU
		{BCD4629F-8FB5-42CB-A865-0C5C188AC3B2}.Debug|x86.Build.0 = Debug|Any CPU
		{BCD4629F-8FB5-42CB-A865-0C5C188AC3B2}.Release|Any CPU.ActiveCfg = Release|Any CPU
		{BCD4629F-8FB5-42CB-A865-0C5C188AC3B2}.Release|Any CPU.Build.0 = Release|Any CPU
		{BCD4629F-8FB5-42CB-A865-0C5C188AC3B2}.Release|ARM.ActiveCfg = Release|Any CPU
		{BCD4629F-8FB5-42CB-A865-0C5C188AC3B2}.Release|ARM.Build.0 = Release|Any CPU
		{BCD4629F-8FB5-42CB-A865-0C5C188AC3B2}.Release|ARM64.ActiveCfg = Release|Any CPU
		{BCD4629F-8FB5-42CB-A865-0C5C188AC3B2}.Release|ARM64.Build.0 = Release|Any CPU
		{BCD4629F-8FB5-42CB-A865-0C5C188AC3B2}.Release|iPhone.ActiveCfg = Release|Any CPU
		{BCD4629F-8FB5-42CB-A865-0C5C188AC3B2}.Release|iPhone.Build.0 = Release|Any CPU
		{BCD4629F-8FB5-42CB-A865-0C5C188AC3B2}.Release|iPhoneSimulator.ActiveCfg = Release|Any CPU
		{BCD4629F-8FB5-42CB-A865-0C5C188AC3B2}.Release|iPhoneSimulator.Build.0 = Release|Any CPU
		{BCD4629F-8FB5-42CB-A865-0C5C188AC3B2}.Release|x64.ActiveCfg = Release|Any CPU
		{BCD4629F-8FB5-42CB-A865-0C5C188AC3B2}.Release|x64.Build.0 = Release|Any CPU
		{BCD4629F-8FB5-42CB-A865-0C5C188AC3B2}.Release|x86.ActiveCfg = Release|Any CPU
		{BCD4629F-8FB5-42CB-A865-0C5C188AC3B2}.Release|x86.Build.0 = Release|Any CPU
		{643DC49E-6ADB-4298-9F31-6B694F7A368C}.Ad-Hoc|Any CPU.ActiveCfg = Debug|iPhoneSimulator
		{643DC49E-6ADB-4298-9F31-6B694F7A368C}.Ad-Hoc|Any CPU.Build.0 = Debug|iPhoneSimulator
		{643DC49E-6ADB-4298-9F31-6B694F7A368C}.Ad-Hoc|ARM.ActiveCfg = Debug|iPhoneSimulator
		{643DC49E-6ADB-4298-9F31-6B694F7A368C}.Ad-Hoc|ARM.Build.0 = Debug|iPhoneSimulator
		{643DC49E-6ADB-4298-9F31-6B694F7A368C}.Ad-Hoc|ARM64.ActiveCfg = Debug|iPhoneSimulator
		{643DC49E-6ADB-4298-9F31-6B694F7A368C}.Ad-Hoc|ARM64.Build.0 = Debug|iPhoneSimulator
		{643DC49E-6ADB-4298-9F31-6B694F7A368C}.Ad-Hoc|iPhone.ActiveCfg = Debug|iPhoneSimulator
		{643DC49E-6ADB-4298-9F31-6B694F7A368C}.Ad-Hoc|iPhone.Build.0 = Debug|iPhoneSimulator
		{643DC49E-6ADB-4298-9F31-6B694F7A368C}.Ad-Hoc|iPhoneSimulator.ActiveCfg = Debug|iPhoneSimulator
		{643DC49E-6ADB-4298-9F31-6B694F7A368C}.Ad-Hoc|iPhoneSimulator.Build.0 = Debug|iPhoneSimulator
		{643DC49E-6ADB-4298-9F31-6B694F7A368C}.Ad-Hoc|x64.ActiveCfg = Debug|iPhoneSimulator
		{643DC49E-6ADB-4298-9F31-6B694F7A368C}.Ad-Hoc|x64.Build.0 = Debug|iPhoneSimulator
		{643DC49E-6ADB-4298-9F31-6B694F7A368C}.Ad-Hoc|x86.ActiveCfg = Debug|iPhoneSimulator
		{643DC49E-6ADB-4298-9F31-6B694F7A368C}.Ad-Hoc|x86.Build.0 = Debug|iPhoneSimulator
		{643DC49E-6ADB-4298-9F31-6B694F7A368C}.AppStore|Any CPU.ActiveCfg = Debug|iPhoneSimulator
		{643DC49E-6ADB-4298-9F31-6B694F7A368C}.AppStore|Any CPU.Build.0 = Debug|iPhoneSimulator
		{643DC49E-6ADB-4298-9F31-6B694F7A368C}.AppStore|ARM.ActiveCfg = Debug|iPhoneSimulator
		{643DC49E-6ADB-4298-9F31-6B694F7A368C}.AppStore|ARM.Build.0 = Debug|iPhoneSimulator
		{643DC49E-6ADB-4298-9F31-6B694F7A368C}.AppStore|ARM64.ActiveCfg = Debug|iPhoneSimulator
		{643DC49E-6ADB-4298-9F31-6B694F7A368C}.AppStore|ARM64.Build.0 = Debug|iPhoneSimulator
		{643DC49E-6ADB-4298-9F31-6B694F7A368C}.AppStore|iPhone.ActiveCfg = Debug|iPhoneSimulator
		{643DC49E-6ADB-4298-9F31-6B694F7A368C}.AppStore|iPhone.Build.0 = Debug|iPhoneSimulator
		{643DC49E-6ADB-4298-9F31-6B694F7A368C}.AppStore|iPhoneSimulator.ActiveCfg = Debug|iPhoneSimulator
		{643DC49E-6ADB-4298-9F31-6B694F7A368C}.AppStore|iPhoneSimulator.Build.0 = Debug|iPhoneSimulator
		{643DC49E-6ADB-4298-9F31-6B694F7A368C}.AppStore|x64.ActiveCfg = Debug|iPhoneSimulator
		{643DC49E-6ADB-4298-9F31-6B694F7A368C}.AppStore|x64.Build.0 = Debug|iPhoneSimulator
		{643DC49E-6ADB-4298-9F31-6B694F7A368C}.AppStore|x86.ActiveCfg = Debug|iPhoneSimulator
		{643DC49E-6ADB-4298-9F31-6B694F7A368C}.AppStore|x86.Build.0 = Debug|iPhoneSimulator
		{643DC49E-6ADB-4298-9F31-6B694F7A368C}.Debug|Any CPU.ActiveCfg = Debug|iPhoneSimulator
		{643DC49E-6ADB-4298-9F31-6B694F7A368C}.Debug|ARM.ActiveCfg = Debug|iPhoneSimulator
		{643DC49E-6ADB-4298-9F31-6B694F7A368C}.Debug|ARM64.ActiveCfg = Debug|iPhoneSimulator
		{643DC49E-6ADB-4298-9F31-6B694F7A368C}.Debug|iPhone.ActiveCfg = Debug|iPhoneSimulator
		{643DC49E-6ADB-4298-9F31-6B694F7A368C}.Debug|iPhoneSimulator.ActiveCfg = Debug|iPhoneSimulator
		{643DC49E-6ADB-4298-9F31-6B694F7A368C}.Debug|iPhoneSimulator.Build.0 = Debug|iPhoneSimulator
		{643DC49E-6ADB-4298-9F31-6B694F7A368C}.Debug|x64.ActiveCfg = Debug|iPhoneSimulator
		{643DC49E-6ADB-4298-9F31-6B694F7A368C}.Debug|x86.ActiveCfg = Debug|iPhoneSimulator
		{643DC49E-6ADB-4298-9F31-6B694F7A368C}.Release|Any CPU.ActiveCfg = Release|iPhoneSimulator
		{643DC49E-6ADB-4298-9F31-6B694F7A368C}.Release|ARM.ActiveCfg = Release|iPhoneSimulator
		{643DC49E-6ADB-4298-9F31-6B694F7A368C}.Release|ARM64.ActiveCfg = Release|iPhoneSimulator
		{643DC49E-6ADB-4298-9F31-6B694F7A368C}.Release|iPhone.ActiveCfg = Release|iPhoneSimulator
		{643DC49E-6ADB-4298-9F31-6B694F7A368C}.Release|iPhoneSimulator.ActiveCfg = Release|iPhoneSimulator
		{643DC49E-6ADB-4298-9F31-6B694F7A368C}.Release|iPhoneSimulator.Build.0 = Release|iPhoneSimulator
		{643DC49E-6ADB-4298-9F31-6B694F7A368C}.Release|x64.ActiveCfg = Release|iPhoneSimulator
		{643DC49E-6ADB-4298-9F31-6B694F7A368C}.Release|x86.ActiveCfg = Release|iPhoneSimulator
		{1FFAAE5C-F414-4DA4-BB6F-A5F19EB792A2}.Ad-Hoc|Any CPU.ActiveCfg = Debug|Any CPU
		{1FFAAE5C-F414-4DA4-BB6F-A5F19EB792A2}.Ad-Hoc|Any CPU.Build.0 = Debug|Any CPU
		{1FFAAE5C-F414-4DA4-BB6F-A5F19EB792A2}.Ad-Hoc|ARM.ActiveCfg = Debug|Any CPU
		{1FFAAE5C-F414-4DA4-BB6F-A5F19EB792A2}.Ad-Hoc|ARM.Build.0 = Debug|Any CPU
		{1FFAAE5C-F414-4DA4-BB6F-A5F19EB792A2}.Ad-Hoc|ARM64.ActiveCfg = Debug|Any CPU
		{1FFAAE5C-F414-4DA4-BB6F-A5F19EB792A2}.Ad-Hoc|ARM64.Build.0 = Debug|Any CPU
		{1FFAAE5C-F414-4DA4-BB6F-A5F19EB792A2}.Ad-Hoc|iPhone.ActiveCfg = Debug|Any CPU
		{1FFAAE5C-F414-4DA4-BB6F-A5F19EB792A2}.Ad-Hoc|iPhone.Build.0 = Debug|Any CPU
		{1FFAAE5C-F414-4DA4-BB6F-A5F19EB792A2}.Ad-Hoc|iPhoneSimulator.ActiveCfg = Debug|Any CPU
		{1FFAAE5C-F414-4DA4-BB6F-A5F19EB792A2}.Ad-Hoc|iPhoneSimulator.Build.0 = Debug|Any CPU
		{1FFAAE5C-F414-4DA4-BB6F-A5F19EB792A2}.Ad-Hoc|x64.ActiveCfg = Debug|Any CPU
		{1FFAAE5C-F414-4DA4-BB6F-A5F19EB792A2}.Ad-Hoc|x64.Build.0 = Debug|Any CPU
		{1FFAAE5C-F414-4DA4-BB6F-A5F19EB792A2}.Ad-Hoc|x86.ActiveCfg = Debug|Any CPU
		{1FFAAE5C-F414-4DA4-BB6F-A5F19EB792A2}.Ad-Hoc|x86.Build.0 = Debug|Any CPU
		{1FFAAE5C-F414-4DA4-BB6F-A5F19EB792A2}.AppStore|Any CPU.ActiveCfg = Debug|Any CPU
		{1FFAAE5C-F414-4DA4-BB6F-A5F19EB792A2}.AppStore|Any CPU.Build.0 = Debug|Any CPU
		{1FFAAE5C-F414-4DA4-BB6F-A5F19EB792A2}.AppStore|ARM.ActiveCfg = Debug|Any CPU
		{1FFAAE5C-F414-4DA4-BB6F-A5F19EB792A2}.AppStore|ARM.Build.0 = Debug|Any CPU
		{1FFAAE5C-F414-4DA4-BB6F-A5F19EB792A2}.AppStore|ARM64.ActiveCfg = Debug|Any CPU
		{1FFAAE5C-F414-4DA4-BB6F-A5F19EB792A2}.AppStore|ARM64.Build.0 = Debug|Any CPU
		{1FFAAE5C-F414-4DA4-BB6F-A5F19EB792A2}.AppStore|iPhone.ActiveCfg = Debug|Any CPU
		{1FFAAE5C-F414-4DA4-BB6F-A5F19EB792A2}.AppStore|iPhone.Build.0 = Debug|Any CPU
		{1FFAAE5C-F414-4DA4-BB6F-A5F19EB792A2}.AppStore|iPhoneSimulator.ActiveCfg = Debug|Any CPU
		{1FFAAE5C-F414-4DA4-BB6F-A5F19EB792A2}.AppStore|iPhoneSimulator.Build.0 = Debug|Any CPU
		{1FFAAE5C-F414-4DA4-BB6F-A5F19EB792A2}.AppStore|x64.ActiveCfg = Debug|Any CPU
		{1FFAAE5C-F414-4DA4-BB6F-A5F19EB792A2}.AppStore|x64.Build.0 = Debug|Any CPU
		{1FFAAE5C-F414-4DA4-BB6F-A5F19EB792A2}.AppStore|x86.ActiveCfg = Debug|Any CPU
		{1FFAAE5C-F414-4DA4-BB6F-A5F19EB792A2}.AppStore|x86.Build.0 = Debug|Any CPU
		{1FFAAE5C-F414-4DA4-BB6F-A5F19EB792A2}.Debug|Any CPU.ActiveCfg = Debug|Any CPU
		{1FFAAE5C-F414-4DA4-BB6F-A5F19EB792A2}.Debug|Any CPU.Build.0 = Debug|Any CPU
		{1FFAAE5C-F414-4DA4-BB6F-A5F19EB792A2}.Debug|ARM.ActiveCfg = Debug|Any CPU
		{1FFAAE5C-F414-4DA4-BB6F-A5F19EB792A2}.Debug|ARM.Build.0 = Debug|Any CPU
		{1FFAAE5C-F414-4DA4-BB6F-A5F19EB792A2}.Debug|ARM64.ActiveCfg = Debug|Any CPU
		{1FFAAE5C-F414-4DA4-BB6F-A5F19EB792A2}.Debug|ARM64.Build.0 = Debug|Any CPU
		{1FFAAE5C-F414-4DA4-BB6F-A5F19EB792A2}.Debug|iPhone.ActiveCfg = Debug|Any CPU
		{1FFAAE5C-F414-4DA4-BB6F-A5F19EB792A2}.Debug|iPhone.Build.0 = Debug|Any CPU
		{1FFAAE5C-F414-4DA4-BB6F-A5F19EB792A2}.Debug|iPhoneSimulator.ActiveCfg = Debug|Any CPU
		{1FFAAE5C-F414-4DA4-BB6F-A5F19EB792A2}.Debug|iPhoneSimulator.Build.0 = Debug|Any CPU
		{1FFAAE5C-F414-4DA4-BB6F-A5F19EB792A2}.Debug|x64.ActiveCfg = Debug|Any CPU
		{1FFAAE5C-F414-4DA4-BB6F-A5F19EB792A2}.Debug|x64.Build.0 = Debug|Any CPU
		{1FFAAE5C-F414-4DA4-BB6F-A5F19EB792A2}.Debug|x86.ActiveCfg = Debug|Any CPU
		{1FFAAE5C-F414-4DA4-BB6F-A5F19EB792A2}.Debug|x86.Build.0 = Debug|Any CPU
		{1FFAAE5C-F414-4DA4-BB6F-A5F19EB792A2}.Release|Any CPU.ActiveCfg = Release|Any CPU
		{1FFAAE5C-F414-4DA4-BB6F-A5F19EB792A2}.Release|Any CPU.Build.0 = Release|Any CPU
		{1FFAAE5C-F414-4DA4-BB6F-A5F19EB792A2}.Release|ARM.ActiveCfg = Release|Any CPU
		{1FFAAE5C-F414-4DA4-BB6F-A5F19EB792A2}.Release|ARM.Build.0 = Release|Any CPU
		{1FFAAE5C-F414-4DA4-BB6F-A5F19EB792A2}.Release|ARM64.ActiveCfg = Release|Any CPU
		{1FFAAE5C-F414-4DA4-BB6F-A5F19EB792A2}.Release|ARM64.Build.0 = Release|Any CPU
		{1FFAAE5C-F414-4DA4-BB6F-A5F19EB792A2}.Release|iPhone.ActiveCfg = Release|Any CPU
		{1FFAAE5C-F414-4DA4-BB6F-A5F19EB792A2}.Release|iPhone.Build.0 = Release|Any CPU
		{1FFAAE5C-F414-4DA4-BB6F-A5F19EB792A2}.Release|iPhoneSimulator.ActiveCfg = Release|Any CPU
		{1FFAAE5C-F414-4DA4-BB6F-A5F19EB792A2}.Release|iPhoneSimulator.Build.0 = Release|Any CPU
		{1FFAAE5C-F414-4DA4-BB6F-A5F19EB792A2}.Release|x64.ActiveCfg = Release|Any CPU
		{1FFAAE5C-F414-4DA4-BB6F-A5F19EB792A2}.Release|x64.Build.0 = Release|Any CPU
		{1FFAAE5C-F414-4DA4-BB6F-A5F19EB792A2}.Release|x86.ActiveCfg = Release|Any CPU
		{1FFAAE5C-F414-4DA4-BB6F-A5F19EB792A2}.Release|x86.Build.0 = Release|Any CPU
		{B14F6892-929C-447A-9147-BDE5F80264FB}.Ad-Hoc|Any CPU.ActiveCfg = Debug|Any CPU
		{B14F6892-929C-447A-9147-BDE5F80264FB}.Ad-Hoc|Any CPU.Build.0 = Debug|Any CPU
		{B14F6892-929C-447A-9147-BDE5F80264FB}.Ad-Hoc|ARM.ActiveCfg = Debug|Any CPU
		{B14F6892-929C-447A-9147-BDE5F80264FB}.Ad-Hoc|ARM.Build.0 = Debug|Any CPU
		{B14F6892-929C-447A-9147-BDE5F80264FB}.Ad-Hoc|ARM64.ActiveCfg = Debug|Any CPU
		{B14F6892-929C-447A-9147-BDE5F80264FB}.Ad-Hoc|ARM64.Build.0 = Debug|Any CPU
		{B14F6892-929C-447A-9147-BDE5F80264FB}.Ad-Hoc|iPhone.ActiveCfg = Debug|Any CPU
		{B14F6892-929C-447A-9147-BDE5F80264FB}.Ad-Hoc|iPhone.Build.0 = Debug|Any CPU
		{B14F6892-929C-447A-9147-BDE5F80264FB}.Ad-Hoc|iPhoneSimulator.ActiveCfg = Debug|Any CPU
		{B14F6892-929C-447A-9147-BDE5F80264FB}.Ad-Hoc|iPhoneSimulator.Build.0 = Debug|Any CPU
		{B14F6892-929C-447A-9147-BDE5F80264FB}.Ad-Hoc|x64.ActiveCfg = Debug|Any CPU
		{B14F6892-929C-447A-9147-BDE5F80264FB}.Ad-Hoc|x64.Build.0 = Debug|Any CPU
		{B14F6892-929C-447A-9147-BDE5F80264FB}.Ad-Hoc|x86.ActiveCfg = Debug|Any CPU
		{B14F6892-929C-447A-9147-BDE5F80264FB}.Ad-Hoc|x86.Build.0 = Debug|Any CPU
		{B14F6892-929C-447A-9147-BDE5F80264FB}.AppStore|Any CPU.ActiveCfg = Debug|Any CPU
		{B14F6892-929C-447A-9147-BDE5F80264FB}.AppStore|Any CPU.Build.0 = Debug|Any CPU
		{B14F6892-929C-447A-9147-BDE5F80264FB}.AppStore|ARM.ActiveCfg = Debug|Any CPU
		{B14F6892-929C-447A-9147-BDE5F80264FB}.AppStore|ARM.Build.0 = Debug|Any CPU
		{B14F6892-929C-447A-9147-BDE5F80264FB}.AppStore|ARM64.ActiveCfg = Debug|Any CPU
		{B14F6892-929C-447A-9147-BDE5F80264FB}.AppStore|ARM64.Build.0 = Debug|Any CPU
		{B14F6892-929C-447A-9147-BDE5F80264FB}.AppStore|iPhone.ActiveCfg = Debug|Any CPU
		{B14F6892-929C-447A-9147-BDE5F80264FB}.AppStore|iPhone.Build.0 = Debug|Any CPU
		{B14F6892-929C-447A-9147-BDE5F80264FB}.AppStore|iPhoneSimulator.ActiveCfg = Debug|Any CPU
		{B14F6892-929C-447A-9147-BDE5F80264FB}.AppStore|iPhoneSimulator.Build.0 = Debug|Any CPU
		{B14F6892-929C-447A-9147-BDE5F80264FB}.AppStore|x64.ActiveCfg = Debug|Any CPU
		{B14F6892-929C-447A-9147-BDE5F80264FB}.AppStore|x64.Build.0 = Debug|Any CPU
		{B14F6892-929C-447A-9147-BDE5F80264FB}.AppStore|x86.ActiveCfg = Debug|Any CPU
		{B14F6892-929C-447A-9147-BDE5F80264FB}.AppStore|x86.Build.0 = Debug|Any CPU
		{B14F6892-929C-447A-9147-BDE5F80264FB}.Debug|Any CPU.ActiveCfg = Debug|Any CPU
		{B14F6892-929C-447A-9147-BDE5F80264FB}.Debug|Any CPU.Build.0 = Debug|Any CPU
		{B14F6892-929C-447A-9147-BDE5F80264FB}.Debug|ARM.ActiveCfg = Debug|Any CPU
		{B14F6892-929C-447A-9147-BDE5F80264FB}.Debug|ARM.Build.0 = Debug|Any CPU
		{B14F6892-929C-447A-9147-BDE5F80264FB}.Debug|ARM64.ActiveCfg = Debug|Any CPU
		{B14F6892-929C-447A-9147-BDE5F80264FB}.Debug|ARM64.Build.0 = Debug|Any CPU
		{B14F6892-929C-447A-9147-BDE5F80264FB}.Debug|iPhone.ActiveCfg = Debug|Any CPU
		{B14F6892-929C-447A-9147-BDE5F80264FB}.Debug|iPhone.Build.0 = Debug|Any CPU
		{B14F6892-929C-447A-9147-BDE5F80264FB}.Debug|iPhoneSimulator.ActiveCfg = Debug|Any CPU
		{B14F6892-929C-447A-9147-BDE5F80264FB}.Debug|iPhoneSimulator.Build.0 = Debug|Any CPU
		{B14F6892-929C-447A-9147-BDE5F80264FB}.Debug|x64.ActiveCfg = Debug|Any CPU
		{B14F6892-929C-447A-9147-BDE5F80264FB}.Debug|x64.Build.0 = Debug|Any CPU
		{B14F6892-929C-447A-9147-BDE5F80264FB}.Debug|x86.ActiveCfg = Debug|Any CPU
		{B14F6892-929C-447A-9147-BDE5F80264FB}.Debug|x86.Build.0 = Debug|Any CPU
		{B14F6892-929C-447A-9147-BDE5F80264FB}.Release|Any CPU.ActiveCfg = Release|Any CPU
		{B14F6892-929C-447A-9147-BDE5F80264FB}.Release|Any CPU.Build.0 = Release|Any CPU
		{B14F6892-929C-447A-9147-BDE5F80264FB}.Release|ARM.ActiveCfg = Release|Any CPU
		{B14F6892-929C-447A-9147-BDE5F80264FB}.Release|ARM.Build.0 = Release|Any CPU
		{B14F6892-929C-447A-9147-BDE5F80264FB}.Release|ARM64.ActiveCfg = Release|Any CPU
		{B14F6892-929C-447A-9147-BDE5F80264FB}.Release|ARM64.Build.0 = Release|Any CPU
		{B14F6892-929C-447A-9147-BDE5F80264FB}.Release|iPhone.ActiveCfg = Release|Any CPU
		{B14F6892-929C-447A-9147-BDE5F80264FB}.Release|iPhone.Build.0 = Release|Any CPU
		{B14F6892-929C-447A-9147-BDE5F80264FB}.Release|iPhoneSimulator.ActiveCfg = Release|Any CPU
		{B14F6892-929C-447A-9147-BDE5F80264FB}.Release|iPhoneSimulator.Build.0 = Release|Any CPU
		{B14F6892-929C-447A-9147-BDE5F80264FB}.Release|x64.ActiveCfg = Release|Any CPU
		{B14F6892-929C-447A-9147-BDE5F80264FB}.Release|x64.Build.0 = Release|Any CPU
		{B14F6892-929C-447A-9147-BDE5F80264FB}.Release|x86.ActiveCfg = Release|Any CPU
		{B14F6892-929C-447A-9147-BDE5F80264FB}.Release|x86.Build.0 = Release|Any CPU
	EndGlobalSection
	GlobalSection(SolutionProperties) = preSolution
		HideSolutionNode = FALSE
	EndGlobalSection
	GlobalSection(NestedProjects) = preSolution
		{13189183-D636-41D2-9D63-8DBE5BD5EB35} = {FCD82277-83C6-4BAB-8094-AFE98B8FDAEE}
		{E600C9B2-B71D-4BF1-A7FC-64C9220A4B48} = {FCD82277-83C6-4BAB-8094-AFE98B8FDAEE}
		{BCD4629F-8FB5-42CB-A865-0C5C188AC3B2} = {FCD82277-83C6-4BAB-8094-AFE98B8FDAEE}
		{643DC49E-6ADB-4298-9F31-6B694F7A368C} = {FCD82277-83C6-4BAB-8094-AFE98B8FDAEE}
		{1FFAAE5C-F414-4DA4-BB6F-A5F19EB792A2} = {FCD82277-83C6-4BAB-8094-AFE98B8FDAEE}
		{B14F6892-929C-447A-9147-BDE5F80264FB} = {FCD82277-83C6-4BAB-8094-AFE98B8FDAEE}
	EndGlobalSection
	GlobalSection(ExtensibilityGlobals) = postSolution
		SolutionGuid = {10679A0A-F7FA-4A36-A2BD-5585E17F9860}
	EndGlobalSection
EndGlobal
